// !$*UTF8*$!
{
	archiveVersion = 1;
	classes = {
	};
	objectVersion = 46;
	objects = {
/* Begin PBXBuildFile section */
		0207DA581B56EA530066E2B4 /* Images.xcassets in Resources */ = {isa = PBXBuildFile; fileRef = 0207DA571B56EA530066E2B4 /* Images.xcassets */; };
		06FAC4A34344472BBC2BB3F1 /* AFURLSessionManager.m in Sources */ = {isa = PBXBuildFile; fileRef = FE0AAD86024A4455907683ED /* AFURLSessionManager.m */; };
		12D4EF0168284868B10AD0D8 /* AFURLResponseSerialization.m in Sources */ = {isa = PBXBuildFile; fileRef = E6FB6DAA58214908841F6899 /* AFURLResponseSerialization.m */; };
		1D3623260D0F684500981E51 /* AppDelegate.m in Sources */ = {isa = PBXBuildFile; fileRef = 1D3623250D0F684500981E51 /* AppDelegate.m */; };
		1D60589B0D05DD56006BFB54 /* main.m in Sources */ = {isa = PBXBuildFile; fileRef = 29B97316FDCFA39411CA2CEA /* main.m */; };
		2BB62F2A57064FEBBEB99C51 /* AFURLRequestSerialization.m in Sources */ = {isa = PBXBuildFile; fileRef = 6AA387DFEE46467FB773EB9D /* AFURLRequestSerialization.m */; };
		2F36B5CE5A674C7FA3F1FDA5 /* CDVDevice.m in Sources */ = {isa = PBXBuildFile; fileRef = E389568ABE004B288ED5BA01 /* CDVDevice.m */; };
		301BF552109A68D80062928A /* libCordova.a in Frameworks */ = {isa = PBXBuildFile; fileRef = 301BF535109A57CC0062928A /* libCordova.a */; };
		302D95F114D2391D003F00A1 /* MainViewController.m in Sources */ = {isa = PBXBuildFile; fileRef = 302D95EF14D2391D003F00A1 /* MainViewController.m */; };
		302D95F214D2391D003F00A1 /* MainViewController.xib in Resources */ = {isa = PBXBuildFile; fileRef = 302D95F014D2391D003F00A1 /* MainViewController.xib */; };
		4EBDC2C10A6F45D78E81873F /* CDVNotification.bundle in Resources */ = {isa = PBXBuildFile; fileRef = 70BD7AB16CA0471F8A203236 /* CDVNotification.bundle */; };
		5AA82EF9AF4F406B93C7B02C /* libz.tbd in Frameworks */ = {isa = PBXBuildFile; fileRef = FDFE435EF112440595F37E37 /* libz.tbd */; };
		6AFF5BF91D6E424B00AB3073 /* CDVLaunchScreen.storyboard in Resources */ = {isa = PBXBuildFile; fileRef = 6AFF5BF81D6E424B00AB3073 /* CDVLaunchScreen.storyboard */; };
		7295FBCF811F40288F82A1C0 /* CDVAssetLibraryFilesystem.m in Sources */ = {isa = PBXBuildFile; fileRef = 1CB99275177D405D8B6BCCDA /* CDVAssetLibraryFilesystem.m */; };
		818C78B569E04A6483A0772C /* AFSecurityPolicy.m in Sources */ = {isa = PBXBuildFile; fileRef = FAB33FB2E4C24596AC3882A3 /* AFSecurityPolicy.m */; };
		85F8DC7AAE8E4E4B80F54CA0 /* CDVFile.m in Sources */ = {isa = PBXBuildFile; fileRef = 6A8D44FE702E4C0596171994 /* CDVFile.m */; };
		8D1905512E5140CCA8235AD8 /* CDVNotification.m in Sources */ = {isa = PBXBuildFile; fileRef = 8E80FA09D39D4D7DA962F271 /* CDVNotification.m */; };
		9C0585CA20354C8C856D8BBD /* AFNetworkReachabilityManager.m in Sources */ = {isa = PBXBuildFile; fileRef = A9AF1AB4EDB54087A915B904 /* AFNetworkReachabilityManager.m */; };
		A517536F0AE649FF9FFA2E81 /* AudioToolbox.framework in Frameworks */ = {isa = PBXBuildFile; fileRef = 3F5204CFCF3D4CE797A5C57C /* AudioToolbox.framework */; settings = {ATTRIBUTES = (Weak, ); }; };
		A637178BC6CF4285802DB0D7 /* Security.framework in Frameworks */ = {isa = PBXBuildFile; fileRef = EBCCA9F3D169490EAFB06937 /* Security.framework */; };
		C3E2702094E54BA4B766A330 /* NativeStorage.m in Sources */ = {isa = PBXBuildFile; fileRef = EA479BDAE4BE418F922450DE /* NativeStorage.m */; };
		CCD2C2C7701B4CE685A717CD /* SystemConfiguration.framework in Frameworks */ = {isa = PBXBuildFile; fileRef = 5D89490159714F03A3556DA1 /* SystemConfiguration.framework */; };
		CD522F0A3DA948649BE4A504 /* CordovaHttpPlugin.m in Sources */ = {isa = PBXBuildFile; fileRef = E950688A9AC44C2384201C15 /* CordovaHttpPlugin.m */; };
		D94A1F8496EC476BBD79CDD4 /* AFHTTPSessionManager.m in Sources */ = {isa = PBXBuildFile; fileRef = DFE49C518FF0490A99CCE38A /* AFHTTPSessionManager.m */; };
		E4FD7653AABD4364B276AFFF /* TextResponseSerializer.m in Sources */ = {isa = PBXBuildFile; fileRef = BB9A422D90C5464B9FA36F1A /* TextResponseSerializer.m */; };
		E6FA4C36E28E49759AAF8277 /* CDVLocalFilesystem.m in Sources */ = {isa = PBXBuildFile; fileRef = CD3C6461F33E449AA1A01400 /* CDVLocalFilesystem.m */; };
		EDEC411B1FA0CB4F0069ED0A /* KontaktSDK.framework in Frameworks */ = {isa = PBXBuildFile; fileRef = EDEC411A1FA0CB4F0069ED0A /* KontaktSDK.framework */; };
		EDEC411D1FA0CB560069ED0A /* KontaktSDK.framework in Embed Frameworks */ = {isa = PBXBuildFile; fileRef = EDEC411C1FA0CB560069ED0A /* KontaktSDK.framework */; settings = {ATTRIBUTES = (CodeSignOnCopy, RemoveHeadersOnCopy, ); }; };
		7B84462197D8455BB312EB2C /* NexenSDK.m in Sources */ = {isa = PBXBuildFile; fileRef = F4DB91F147814F2F80CBF65D /* NexenSDK.m */; };
		D447E269DEE148CBADEEA053 /* BeaconManager.m in Sources */ = {isa = PBXBuildFile; fileRef = 87B1E25A4E504CE597BAA87F /* BeaconManager.m */; };
		95792D3775724FCF869774AE /* NSBundle+plist.m in Sources */ = {isa = PBXBuildFile; fileRef = D35DFFB56F5642A286052A1C /* NSBundle+plist.m */; };
		1B5C967C8B964F0E9185751C /* AppDelegate+NexenSDK.m in Sources */ = {isa = PBXBuildFile; fileRef = E05DA0F5E40846FAA901DAAF /* AppDelegate+NexenSDK.m */; };
		37A91BDCDF12495DB47F2EBC /* NXBeaconSDK.framework in Frameworks */ = {isa = PBXBuildFile; fileRef = D171B2837D5F4E34A061BA26 /* NXBeaconSDK.framework */; };
		D44FE65EEDCD4ECA9986927A /* NXBeaconSDK.framework in Embed Frameworks */ = {isa = PBXBuildFile; fileRef = D171B2837D5F4E34A061BA26 /* NXBeaconSDK.framework */; settings = {ATTRIBUTES = (CodeSignOnCopy, ); }; };
/* End PBXBuildFile section */

/* Begin PBXContainerItemProxy section */
		301BF534109A57CC0062928A /* PBXContainerItemProxy */ = {
			isa = PBXContainerItemProxy;
			containerPortal = 301BF52D109A57CC0062928A /* CordovaLib/CordovaLib.xcodeproj */;
			proxyType = 2;
			remoteGlobalIDString = D2AAC07E0554694100DB518D;
			remoteInfo = CordovaLib;
		};
		301BF550109A68C00062928A /* PBXContainerItemProxy */ = {
			isa = PBXContainerItemProxy;
			containerPortal = 301BF52D109A57CC0062928A /* CordovaLib/CordovaLib.xcodeproj */;
			proxyType = 1;
			remoteGlobalIDString = D2AAC07D0554694100DB518D;
			remoteInfo = CordovaLib;
		};
		EDEC41181FA0CB330069ED0A /* PBXContainerItemProxy */ = {
			isa = PBXContainerItemProxy;
			containerPortal = 301BF52D109A57CC0062928A /* CordovaLib/CordovaLib.xcodeproj */;
			proxyType = 2;
			remoteGlobalIDString = C0C01EB21E3911D50056E6CB;
			remoteInfo = Cordova;
		};
/* End PBXContainerItemProxy section */

/* Begin PBXCopyFilesBuildPhase section */
		61B09DA1F65440509B530ECA /* Embed Frameworks */ = {
			isa = PBXCopyFilesBuildPhase;
			buildActionMask = 2147483647;
			dstPath = "";
			dstSubfolderSpec = 10;
			files = (
				EC81BF6BA9F649F88DEDB4BA /* NXBeaconSDK.framework in Embed Frameworks */,
				EDEC411D1FA0CB560069ED0A /* KontaktSDK.framework in Embed Frameworks */,
				D44FE65EEDCD4ECA9986927A /* NXBeaconSDK.framework in Embed Frameworks */,
			);
			name = "Embed Frameworks";
			runOnlyForDeploymentPostprocessing = 0;
		};
/* End PBXCopyFilesBuildPhase section */

/* Begin PBXFileReference section */
		00125BB873804736BE4FAFB2 /* CDVFile.h */ = {isa = PBXFileReference; explicitFileType = undefined; fileEncoding = 4; includeInIndex = 0; lastKnownFileType = sourcecode.c.h; name = CDVFile.h; path = "cordova-plugin-file/CDVFile.h"; sourceTree = "<group>"; };
		0207DA571B56EA530066E2B4 /* Images.xcassets */ = {isa = PBXFileReference; lastKnownFileType = folder.assetcatalog; name = Images.xcassets; path = "Exterion News/Images.xcassets"; sourceTree = SOURCE_ROOT; };
		11EAE32A706740F382951A9A /* AFURLResponseSerialization.h */ = {isa = PBXFileReference; explicitFileType = undefined; fileEncoding = 4; includeInIndex = 0; lastKnownFileType = sourcecode.c.h; name = AFURLResponseSerialization.h; path = "cordova-plugin-http/AFURLResponseSerialization.h"; sourceTree = "<group>"; };
		170C1F20F54E4FE7A86442FE /* AFNetworkReachabilityManager.h */ = {isa = PBXFileReference; explicitFileType = undefined; fileEncoding = 4; includeInIndex = 0; lastKnownFileType = sourcecode.c.h; name = AFNetworkReachabilityManager.h; path = "cordova-plugin-http/AFNetworkReachabilityManager.h"; sourceTree = "<group>"; };
		1CB5F95468874B33B4C6DEBB /* CDVNotification.h */ = {isa = PBXFileReference; explicitFileType = undefined; fileEncoding = 4; includeInIndex = 0; lastKnownFileType = sourcecode.c.h; name = CDVNotification.h; path = "cordova-plugin-dialogs/CDVNotification.h"; sourceTree = "<group>"; };
		1CB99275177D405D8B6BCCDA /* CDVAssetLibraryFilesystem.m */ = {isa = PBXFileReference; explicitFileType = undefined; fileEncoding = 4; includeInIndex = 0; lastKnownFileType = sourcecode.c.objc; name = CDVAssetLibraryFilesystem.m; path = "cordova-plugin-file/CDVAssetLibraryFilesystem.m"; sourceTree = "<group>"; };
		1D3623240D0F684500981E51 /* AppDelegate.h */ = {isa = PBXFileReference; fileEncoding = 4; lastKnownFileType = sourcecode.c.h; path = AppDelegate.h; sourceTree = "<group>"; };
		1D3623250D0F684500981E51 /* AppDelegate.m */ = {isa = PBXFileReference; fileEncoding = 4; lastKnownFileType = sourcecode.c.objc; path = AppDelegate.m; sourceTree = "<group>"; };
		1D6058910D05DD3D006BFB54 /* Exterion News.app */ = {isa = PBXFileReference; explicitFileType = wrapper.application; includeInIndex = 0; path = "Exterion News.app"; sourceTree = BUILT_PRODUCTS_DIR; };
		29B97316FDCFA39411CA2CEA /* main.m */ = {isa = PBXFileReference; fileEncoding = 4; lastKnownFileType = sourcecode.c.objc; path = main.m; sourceTree = "<group>"; };
		301BF52D109A57CC0062928A /* CordovaLib/CordovaLib.xcodeproj */ = {isa = PBXFileReference; lastKnownFileType = "wrapper.pb-project"; path = CordovaLib/CordovaLib.xcodeproj; sourceTree = "<group>"; };
		301BF56E109A69640062928A /* www */ = {isa = PBXFileReference; lastKnownFileType = folder; path = www; sourceTree = SOURCE_ROOT; };
		302D95EE14D2391D003F00A1 /* MainViewController.h */ = {isa = PBXFileReference; fileEncoding = 4; lastKnownFileType = sourcecode.c.h; path = MainViewController.h; sourceTree = "<group>"; };
		302D95EF14D2391D003F00A1 /* MainViewController.m */ = {isa = PBXFileReference; fileEncoding = 4; lastKnownFileType = sourcecode.c.objc; path = MainViewController.m; sourceTree = "<group>"; };
		302D95F014D2391D003F00A1 /* MainViewController.xib */ = {isa = PBXFileReference; fileEncoding = 4; lastKnownFileType = file.xib; path = MainViewController.xib; sourceTree = "<group>"; };
		303611BDBB614064982B74ED /* AFURLRequestSerialization.h */ = {isa = PBXFileReference; explicitFileType = undefined; fileEncoding = 4; includeInIndex = 0; lastKnownFileType = sourcecode.c.h; name = AFURLRequestSerialization.h; path = "cordova-plugin-http/AFURLRequestSerialization.h"; sourceTree = "<group>"; };
		3047A50F1AB8059700498E2A /* build-debug.xcconfig */ = {isa = PBXFileReference; fileEncoding = 4; lastKnownFileType = text.xcconfig; name = "build-debug.xcconfig"; path = "cordova/build-debug.xcconfig"; sourceTree = SOURCE_ROOT; };
		3047A5101AB8059700498E2A /* build-release.xcconfig */ = {isa = PBXFileReference; fileEncoding = 4; lastKnownFileType = text.xcconfig; name = "build-release.xcconfig"; path = "cordova/build-release.xcconfig"; sourceTree = SOURCE_ROOT; };
		3047A5111AB8059700498E2A /* build.xcconfig */ = {isa = PBXFileReference; fileEncoding = 4; lastKnownFileType = text.xcconfig; name = build.xcconfig; path = cordova/build.xcconfig; sourceTree = SOURCE_ROOT; };
		32CA4F630368D1EE00C91783 /* Exterion News-Prefix.pch */ = {isa = PBXFileReference; fileEncoding = 4; lastKnownFileType = sourcecode.c.h; path = "Exterion News-Prefix.pch"; sourceTree = "<group>"; };
		3F5204CFCF3D4CE797A5C57C /* AudioToolbox.framework */ = {isa = PBXFileReference; explicitFileType = undefined; fileEncoding = 9; includeInIndex = 0; lastKnownFileType = wrapper.framework; name = AudioToolbox.framework; path = System/Library/Frameworks/AudioToolbox.framework; sourceTree = SDKROOT; };
		486C6909EBC746009FD2BA02 /* NativeStorage.h */ = {isa = PBXFileReference; explicitFileType = undefined; fileEncoding = 4; includeInIndex = 0; lastKnownFileType = sourcecode.c.h; name = NativeStorage.h; path = "cordova-plugin-nativestorage/NativeStorage.h"; sourceTree = "<group>"; };
		4E7AFBA7F3E54C1084CC6CF4 /* AFSecurityPolicy.h */ = {isa = PBXFileReference; explicitFileType = undefined; fileEncoding = 4; includeInIndex = 0; lastKnownFileType = sourcecode.c.h; name = AFSecurityPolicy.h; path = "cordova-plugin-http/AFSecurityPolicy.h"; sourceTree = "<group>"; };
		565DE6F277A04C2689ADF689 /* CDVLocalFilesystem.h */ = {isa = PBXFileReference; explicitFileType = undefined; fileEncoding = 4; includeInIndex = 0; lastKnownFileType = sourcecode.c.h; name = CDVLocalFilesystem.h; path = "cordova-plugin-file/CDVLocalFilesystem.h"; sourceTree = "<group>"; };
		5D89490159714F03A3556DA1 /* SystemConfiguration.framework */ = {isa = PBXFileReference; explicitFileType = undefined; fileEncoding = 9; includeInIndex = 0; lastKnownFileType = wrapper.framework; name = SystemConfiguration.framework; path = System/Library/Frameworks/SystemConfiguration.framework; sourceTree = SDKROOT; };
		5F830A7634A54ADFB8F20829 /* AFURLSessionManager.h */ = {isa = PBXFileReference; explicitFileType = undefined; fileEncoding = 4; includeInIndex = 0; lastKnownFileType = sourcecode.c.h; name = AFURLSessionManager.h; path = "cordova-plugin-http/AFURLSessionManager.h"; sourceTree = "<group>"; };
		6A8D44FE702E4C0596171994 /* CDVFile.m */ = {isa = PBXFileReference; explicitFileType = undefined; fileEncoding = 4; includeInIndex = 0; lastKnownFileType = sourcecode.c.objc; name = CDVFile.m; path = "cordova-plugin-file/CDVFile.m"; sourceTree = "<group>"; };
		6AA387DFEE46467FB773EB9D /* AFURLRequestSerialization.m */ = {isa = PBXFileReference; explicitFileType = undefined; fileEncoding = 4; includeInIndex = 0; lastKnownFileType = sourcecode.c.objc; name = AFURLRequestSerialization.m; path = "cordova-plugin-http/AFURLRequestSerialization.m"; sourceTree = "<group>"; };
		6AFF5BF81D6E424B00AB3073 /* CDVLaunchScreen.storyboard */ = {isa = PBXFileReference; fileEncoding = 4; lastKnownFileType = file.storyboard; name = CDVLaunchScreen.storyboard; path = "Exterion News/CDVLaunchScreen.storyboard"; sourceTree = SOURCE_ROOT; };
		70BD7AB16CA0471F8A203236 /* CDVNotification.bundle */ = {isa = PBXFileReference; explicitFileType = undefined; fileEncoding = 9; includeInIndex = 0; lastKnownFileType = "wrapper.plug-in"; path = CDVNotification.bundle; sourceTree = "<group>"; };
		8D1107310486CEB800E47090 /* Exterion News-Info.plist */ = {isa = PBXFileReference; fileEncoding = 4; lastKnownFileType = text.plist.xml; name = "Exterion News-Info.plist"; path = "Exterion News/Exterion News-Info.plist"; plistStructureDefinitionIdentifier = "com.apple.xcode.plist.structure-definition.iphone.info-plist"; sourceTree = SOURCE_ROOT; };
		8E80FA09D39D4D7DA962F271 /* CDVNotification.m */ = {isa = PBXFileReference; explicitFileType = undefined; fileEncoding = 4; includeInIndex = 0; lastKnownFileType = sourcecode.c.objc; name = CDVNotification.m; path = "cordova-plugin-dialogs/CDVNotification.m"; sourceTree = "<group>"; };
		A9AF1AB4EDB54087A915B904 /* AFNetworkReachabilityManager.m */ = {isa = PBXFileReference; explicitFileType = undefined; fileEncoding = 4; includeInIndex = 0; lastKnownFileType = sourcecode.c.objc; name = AFNetworkReachabilityManager.m; path = "cordova-plugin-http/AFNetworkReachabilityManager.m"; sourceTree = "<group>"; };
		B96C35ABC92E4F26975FC067 /* CDVAssetLibraryFilesystem.h */ = {isa = PBXFileReference; explicitFileType = undefined; fileEncoding = 4; includeInIndex = 0; lastKnownFileType = sourcecode.c.h; name = CDVAssetLibraryFilesystem.h; path = "cordova-plugin-file/CDVAssetLibraryFilesystem.h"; sourceTree = "<group>"; };
		BB9A422D90C5464B9FA36F1A /* TextResponseSerializer.m */ = {isa = PBXFileReference; explicitFileType = undefined; fileEncoding = 4; includeInIndex = 0; lastKnownFileType = sourcecode.c.objc; name = TextResponseSerializer.m; path = "cordova-plugin-http/TextResponseSerializer.m"; sourceTree = "<group>"; };
		C5EC93D00B514709B759F697 /* TextResponseSerializer.h */ = {isa = PBXFileReference; explicitFileType = undefined; fileEncoding = 4; includeInIndex = 0; lastKnownFileType = sourcecode.c.h; name = TextResponseSerializer.h; path = "cordova-plugin-http/TextResponseSerializer.h"; sourceTree = "<group>"; };
		CD3C6461F33E449AA1A01400 /* CDVLocalFilesystem.m */ = {isa = PBXFileReference; explicitFileType = undefined; fileEncoding = 4; includeInIndex = 0; lastKnownFileType = sourcecode.c.objc; name = CDVLocalFilesystem.m; path = "cordova-plugin-file/CDVLocalFilesystem.m"; sourceTree = "<group>"; };
		DDC9C528C44D42E793BFAC48 /* CDVDevice.h */ = {isa = PBXFileReference; explicitFileType = undefined; fileEncoding = 4; includeInIndex = 0; lastKnownFileType = sourcecode.c.h; name = CDVDevice.h; path = "cordova-plugin-device/CDVDevice.h"; sourceTree = "<group>"; };
		DFE49C518FF0490A99CCE38A /* AFHTTPSessionManager.m */ = {isa = PBXFileReference; explicitFileType = undefined; fileEncoding = 4; includeInIndex = 0; lastKnownFileType = sourcecode.c.objc; name = AFHTTPSessionManager.m; path = "cordova-plugin-http/AFHTTPSessionManager.m"; sourceTree = "<group>"; };
		E15C656FA51E4F3A8BB66FF8 /* AFHTTPSessionManager.h */ = {isa = PBXFileReference; explicitFileType = undefined; fileEncoding = 4; includeInIndex = 0; lastKnownFileType = sourcecode.c.h; name = AFHTTPSessionManager.h; path = "cordova-plugin-http/AFHTTPSessionManager.h"; sourceTree = "<group>"; };
		E389568ABE004B288ED5BA01 /* CDVDevice.m */ = {isa = PBXFileReference; explicitFileType = undefined; fileEncoding = 4; includeInIndex = 0; lastKnownFileType = sourcecode.c.objc; name = CDVDevice.m; path = "cordova-plugin-device/CDVDevice.m"; sourceTree = "<group>"; };
		E6FB6DAA58214908841F6899 /* AFURLResponseSerialization.m */ = {isa = PBXFileReference; explicitFileType = undefined; fileEncoding = 4; includeInIndex = 0; lastKnownFileType = sourcecode.c.objc; name = AFURLResponseSerialization.m; path = "cordova-plugin-http/AFURLResponseSerialization.m"; sourceTree = "<group>"; };
		E950688A9AC44C2384201C15 /* CordovaHttpPlugin.m */ = {isa = PBXFileReference; explicitFileType = undefined; fileEncoding = 4; includeInIndex = 0; lastKnownFileType = sourcecode.c.objc; name = CordovaHttpPlugin.m; path = "cordova-plugin-http/CordovaHttpPlugin.m"; sourceTree = "<group>"; };
		EA479BDAE4BE418F922450DE /* NativeStorage.m */ = {isa = PBXFileReference; explicitFileType = undefined; fileEncoding = 4; includeInIndex = 0; lastKnownFileType = sourcecode.c.objc; name = NativeStorage.m; path = "cordova-plugin-nativestorage/NativeStorage.m"; sourceTree = "<group>"; };
		EB87FDF31871DA8E0020F90C /* www */ = {isa = PBXFileReference; lastKnownFileType = folder; name = www; path = ../../www; sourceTree = "<group>"; };
		EB87FDF41871DAF40020F90C /* config.xml */ = {isa = PBXFileReference; lastKnownFileType = text.xml; name = config.xml; path = ../../config.xml; sourceTree = "<group>"; };
		EBCCA9F3D169490EAFB06937 /* Security.framework */ = {isa = PBXFileReference; explicitFileType = undefined; fileEncoding = 9; includeInIndex = 0; lastKnownFileType = wrapper.framework; name = Security.framework; path = System/Library/Frameworks/Security.framework; sourceTree = SDKROOT; };
		ED33DF2A687741AEAF9F8254 /* Bridging-Header.h */ = {isa = PBXFileReference; fileEncoding = 4; lastKnownFileType = sourcecode.c.h; path = "Bridging-Header.h"; sourceTree = "<group>"; };
		EDEC411A1FA0CB4F0069ED0A /* KontaktSDK.framework */ = {isa = PBXFileReference; lastKnownFileType = wrapper.framework; name = KontaktSDK.framework; path = ../../../assets/KontaktSDK.framework; sourceTree = "<group>"; };
		EDEC411C1FA0CB560069ED0A /* KontaktSDK.framework */ = {isa = PBXFileReference; lastKnownFileType = wrapper.framework; path = KontaktSDK.framework; sourceTree = "<group>"; };
		F4305F7C97F647FF9375EB53 /* CordovaHttpPlugin.h */ = {isa = PBXFileReference; explicitFileType = undefined; fileEncoding = 4; includeInIndex = 0; lastKnownFileType = sourcecode.c.h; name = CordovaHttpPlugin.h; path = "cordova-plugin-http/CordovaHttpPlugin.h"; sourceTree = "<group>"; };
		F840E1F0165FE0F500CFE078 /* config.xml */ = {isa = PBXFileReference; lastKnownFileType = text.xml; name = config.xml; path = "Exterion News/config.xml"; sourceTree = "<group>"; };
		FAB33FB2E4C24596AC3882A3 /* AFSecurityPolicy.m */ = {isa = PBXFileReference; explicitFileType = undefined; fileEncoding = 4; includeInIndex = 0; lastKnownFileType = sourcecode.c.objc; name = AFSecurityPolicy.m; path = "cordova-plugin-http/AFSecurityPolicy.m"; sourceTree = "<group>"; };
		FBEC394DB9574DE5AF06A11A /* AFNetworking.h */ = {isa = PBXFileReference; explicitFileType = undefined; fileEncoding = 4; includeInIndex = 0; lastKnownFileType = sourcecode.c.h; name = AFNetworking.h; path = "cordova-plugin-http/AFNetworking.h"; sourceTree = "<group>"; };
		FDFE435EF112440595F37E37 /* libz.tbd */ = {isa = PBXFileReference; explicitFileType = undefined; fileEncoding = 9; includeInIndex = 0; lastKnownFileType = "sourcecode.text-based-dylib-definition"; name = libz.tbd; path = usr/lib/libz.tbd; sourceTree = SDKROOT; };
		FE0AAD86024A4455907683ED /* AFURLSessionManager.m */ = {isa = PBXFileReference; explicitFileType = undefined; fileEncoding = 4; includeInIndex = 0; lastKnownFileType = sourcecode.c.objc; name = AFURLSessionManager.m; path = "cordova-plugin-http/AFURLSessionManager.m"; sourceTree = "<group>"; };
		F4DB91F147814F2F80CBF65D /* NexenSDK.m */ = {isa = PBXFileReference; name = "NexenSDK.m"; path = "cordova-plugin-nexen-sdk/NexenSDK.m"; sourceTree = "<group>"; fileEncoding = 4; lastKnownFileType = sourcecode.c.objc; explicitFileType = undefined; includeInIndex = 0; };
		87B1E25A4E504CE597BAA87F /* BeaconManager.m */ = {isa = PBXFileReference; name = "BeaconManager.m"; path = "cordova-plugin-nexen-sdk/BeaconManager.m"; sourceTree = "<group>"; fileEncoding = 4; lastKnownFileType = sourcecode.c.objc; explicitFileType = undefined; includeInIndex = 0; };
		D35DFFB56F5642A286052A1C /* NSBundle+plist.m */ = {isa = PBXFileReference; name = "NSBundle+plist.m"; path = "cordova-plugin-nexen-sdk/NSBundle+plist.m"; sourceTree = "<group>"; fileEncoding = 4; lastKnownFileType = sourcecode.c.objc; explicitFileType = undefined; includeInIndex = 0; };
		E05DA0F5E40846FAA901DAAF /* AppDelegate+NexenSDK.m */ = {isa = PBXFileReference; name = "AppDelegate+NexenSDK.m"; path = "cordova-plugin-nexen-sdk/AppDelegate+NexenSDK.m"; sourceTree = "<group>"; fileEncoding = 4; lastKnownFileType = sourcecode.c.objc; explicitFileType = undefined; includeInIndex = 0; };
		17ED0F74FA254E5586CF62EE /* NexenSDK.h */ = {isa = PBXFileReference; name = "NexenSDK.h"; path = "cordova-plugin-nexen-sdk/NexenSDK.h"; sourceTree = "<group>"; fileEncoding = 4; lastKnownFileType = sourcecode.c.h; explicitFileType = undefined; includeInIndex = 0; };
		572FC3176D9B4AE8ACC70B1D /* BeaconManager.h */ = {isa = PBXFileReference; name = "BeaconManager.h"; path = "cordova-plugin-nexen-sdk/BeaconManager.h"; sourceTree = "<group>"; fileEncoding = 4; lastKnownFileType = sourcecode.c.h; explicitFileType = undefined; includeInIndex = 0; };
		C43F2427B6A94417B2E8DAE1 /* NSBundle+plist.h */ = {isa = PBXFileReference; name = "NSBundle+plist.h"; path = "cordova-plugin-nexen-sdk/NSBundle+plist.h"; sourceTree = "<group>"; fileEncoding = 4; lastKnownFileType = sourcecode.c.h; explicitFileType = undefined; includeInIndex = 0; };
		EECEF48B75E745D49D83FC42 /* AppDelegate+NexenSDK.h */ = {isa = PBXFileReference; name = "AppDelegate+NexenSDK.h"; path = "cordova-plugin-nexen-sdk/AppDelegate+NexenSDK.h"; sourceTree = "<group>"; fileEncoding = 4; lastKnownFileType = sourcecode.c.h; explicitFileType = undefined; includeInIndex = 0; };
		D171B2837D5F4E34A061BA26 /* NXBeaconSDK.framework */ = {isa = PBXFileReference; name = "NXBeaconSDK.framework"; path = "Exterion News/Plugins/cordova-plugin-nexen-sdk/NXBeaconSDK.framework"; sourceTree = "<group>"; fileEncoding = undefined; lastKnownFileType = wrapper.framework; explicitFileType = undefined; includeInIndex = 0; };
/* End PBXFileReference section */

/* Begin PBXFrameworksBuildPhase section */
		1D60588F0D05DD3D006BFB54 /* Frameworks */ = {
			isa = PBXFrameworksBuildPhase;
			buildActionMask = 2147483647;
			files = (
				301BF552109A68D80062928A /* libCordova.a in Frameworks */,
				EDEC411B1FA0CB4F0069ED0A /* KontaktSDK.framework in Frameworks */,
				A517536F0AE649FF9FFA2E81 /* AudioToolbox.framework in Frameworks */,
				A637178BC6CF4285802DB0D7 /* Security.framework in Frameworks */,
				CCD2C2C7701B4CE685A717CD /* SystemConfiguration.framework in Frameworks */,
				5AA82EF9AF4F406B93C7B02C /* libz.tbd in Frameworks */,
			);
			runOnlyForDeploymentPostprocessing = 0;
		};
/* End PBXFrameworksBuildPhase section */

/* Begin PBXGroup section */
		080E96DDFE201D6D7F000001 /* Classes */ = {
			isa = PBXGroup;
			children = (
				302D95EE14D2391D003F00A1 /* MainViewController.h */,
				302D95EF14D2391D003F00A1 /* MainViewController.m */,
				302D95F014D2391D003F00A1 /* MainViewController.xib */,
				1D3623240D0F684500981E51 /* AppDelegate.h */,
				1D3623250D0F684500981E51 /* AppDelegate.m */,
			);
			name = Classes;
			path = "Exterion News/Classes";
			sourceTree = SOURCE_ROOT;
		};
		19C28FACFE9D520D11CA2CBB /* Products */ = {
			isa = PBXGroup;
			children = (
				1D6058910D05DD3D006BFB54 /* Exterion News.app */,
			);
			name = Products;
			sourceTree = "<group>";
		};
		29B97314FDCFA39411CA2CEA /* CustomTemplate */ = {
			isa = PBXGroup;
			children = (
				EDEC411C1FA0CB560069ED0A /* KontaktSDK.framework */,
				EB87FDF41871DAF40020F90C /* config.xml */,
				EB87FDF31871DA8E0020F90C /* www */,
				EB87FDF11871DA420020F90C /* Staging */,
				301BF52D109A57CC0062928A /* CordovaLib/CordovaLib.xcodeproj */,
				080E96DDFE201D6D7F000001 /* Classes */,
				307C750510C5A3420062BCA9 /* Plugins */,
				29B97315FDCFA39411CA2CEA /* Other Sources */,
				29B97317FDCFA39411CA2CEA /* Resources */,
				29B97323FDCFA39411CA2CEA /* Frameworks */,
				19C28FACFE9D520D11CA2CBB /* Products */,
			);
			name = CustomTemplate;
			sourceTree = "<group>";
		};
		29B97315FDCFA39411CA2CEA /* Other Sources */ = {
			isa = PBXGroup;
			children = (
				32CA4F630368D1EE00C91783 /* Exterion News-Prefix.pch */,
				29B97316FDCFA39411CA2CEA /* main.m */,
				ED33DF2A687741AEAF9F8254 /* Bridging-Header.h */,
			);
			name = "Other Sources";
			path = "Exterion News";
			sourceTree = "<group>";
		};
		29B97317FDCFA39411CA2CEA /* Resources */ = {
			isa = PBXGroup;
			children = (
				0207DA571B56EA530066E2B4 /* Images.xcassets */,
				3047A50E1AB8057F00498E2A /* config */,
				8D1107310486CEB800E47090 /* Exterion News-Info.plist */,
				6AFF5BF81D6E424B00AB3073 /* CDVLaunchScreen.storyboard */,
				70BD7AB16CA0471F8A203236 /* CDVNotification.bundle */,
			);
			name = Resources;
			path = "Exterion News/Resources";
			sourceTree = "<group>";
		};
		29B97323FDCFA39411CA2CEA /* Frameworks */ = {
			isa = PBXGroup;
			children = (
				EDEC411A1FA0CB4F0069ED0A /* KontaktSDK.framework */,
				3F5204CFCF3D4CE797A5C57C /* AudioToolbox.framework */,
				EBCCA9F3D169490EAFB06937 /* Security.framework */,
				5D89490159714F03A3556DA1 /* SystemConfiguration.framework */,
				FDFE435EF112440595F37E37 /* libz.tbd */,
				D171B2837D5F4E34A061BA26 /* NXBeaconSDK.framework */,
			);
			name = Frameworks;
			sourceTree = "<group>";
		};
		301BF52E109A57CC0062928A /* Products */ = {
			isa = PBXGroup;
			children = (
				301BF535109A57CC0062928A /* libCordova.a */,
				EDEC41191FA0CB330069ED0A /* Cordova.framework */,
			);
			name = Products;
			sourceTree = "<group>";
		};
		3047A50E1AB8057F00498E2A /* config */ = {
			isa = PBXGroup;
			children = (
				3047A50F1AB8059700498E2A /* build-debug.xcconfig */,
				3047A5101AB8059700498E2A /* build-release.xcconfig */,
				3047A5111AB8059700498E2A /* build.xcconfig */,
			);
			name = config;
			sourceTree = "<group>";
		};
		307C750510C5A3420062BCA9 /* Plugins */ = {
			isa = PBXGroup;
			children = (
				8E80FA09D39D4D7DA962F271 /* CDVNotification.m */,
				1CB5F95468874B33B4C6DEBB /* CDVNotification.h */,
				6A8D44FE702E4C0596171994 /* CDVFile.m */,
				CD3C6461F33E449AA1A01400 /* CDVLocalFilesystem.m */,
				1CB99275177D405D8B6BCCDA /* CDVAssetLibraryFilesystem.m */,
				00125BB873804736BE4FAFB2 /* CDVFile.h */,
				565DE6F277A04C2689ADF689 /* CDVLocalFilesystem.h */,
				B96C35ABC92E4F26975FC067 /* CDVAssetLibraryFilesystem.h */,
				E950688A9AC44C2384201C15 /* CordovaHttpPlugin.m */,
				BB9A422D90C5464B9FA36F1A /* TextResponseSerializer.m */,
				DFE49C518FF0490A99CCE38A /* AFHTTPSessionManager.m */,
				A9AF1AB4EDB54087A915B904 /* AFNetworkReachabilityManager.m */,
				FAB33FB2E4C24596AC3882A3 /* AFSecurityPolicy.m */,
				6AA387DFEE46467FB773EB9D /* AFURLRequestSerialization.m */,
				E6FB6DAA58214908841F6899 /* AFURLResponseSerialization.m */,
				FE0AAD86024A4455907683ED /* AFURLSessionManager.m */,
				F4305F7C97F647FF9375EB53 /* CordovaHttpPlugin.h */,
				C5EC93D00B514709B759F697 /* TextResponseSerializer.h */,
				E15C656FA51E4F3A8BB66FF8 /* AFHTTPSessionManager.h */,
				FBEC394DB9574DE5AF06A11A /* AFNetworking.h */,
				170C1F20F54E4FE7A86442FE /* AFNetworkReachabilityManager.h */,
				4E7AFBA7F3E54C1084CC6CF4 /* AFSecurityPolicy.h */,
				303611BDBB614064982B74ED /* AFURLRequestSerialization.h */,
				11EAE32A706740F382951A9A /* AFURLResponseSerialization.h */,
				5F830A7634A54ADFB8F20829 /* AFURLSessionManager.h */,
				E389568ABE004B288ED5BA01 /* CDVDevice.m */,
				DDC9C528C44D42E793BFAC48 /* CDVDevice.h */,
				EA479BDAE4BE418F922450DE /* NativeStorage.m */,
				486C6909EBC746009FD2BA02 /* NativeStorage.h */,
				F4DB91F147814F2F80CBF65D /* NexenSDK.m */,
				87B1E25A4E504CE597BAA87F /* BeaconManager.m */,
				D35DFFB56F5642A286052A1C /* NSBundle+plist.m */,
				E05DA0F5E40846FAA901DAAF /* AppDelegate+NexenSDK.m */,
				17ED0F74FA254E5586CF62EE /* NexenSDK.h */,
				572FC3176D9B4AE8ACC70B1D /* BeaconManager.h */,
				C43F2427B6A94417B2E8DAE1 /* NSBundle+plist.h */,
				EECEF48B75E745D49D83FC42 /* AppDelegate+NexenSDK.h */,
			);
			name = Plugins;
			path = "Exterion News/Plugins";
			sourceTree = SOURCE_ROOT;
		};
		EB87FDF11871DA420020F90C /* Staging */ = {
			isa = PBXGroup;
			children = (
				F840E1F0165FE0F500CFE078 /* config.xml */,
				301BF56E109A69640062928A /* www */,
			);
			name = Staging;
			sourceTree = "<group>";
		};
/* End PBXGroup section */

/* Begin PBXNativeTarget section */
		1D6058900D05DD3D006BFB54 /* Exterion News */ = {
			isa = PBXNativeTarget;
			buildConfigurationList = 1D6058960D05DD3E006BFB54 /* Build configuration list for PBXNativeTarget "Exterion News" */;
			buildPhases = (
				304B58A110DAC018002A0835 /* Copy www directory */,
				1D60588D0D05DD3D006BFB54 /* Resources */,
				1D60588E0D05DD3D006BFB54 /* Sources */,
				1D60588F0D05DD3D006BFB54 /* Frameworks */,
				61B09DA1F65440509B530ECA /* Embed Frameworks */,
			);
			buildRules = (
			);
			dependencies = (
				301BF551109A68C00062928A /* PBXTargetDependency */,
			);
			name = "Exterion News";
			productName = "Exterion News";
			productReference = 1D6058910D05DD3D006BFB54 /* Exterion News.app */;
			productType = "com.apple.product-type.application";
		};
/* End PBXNativeTarget section */

/* Begin PBXProject section */
		29B97313FDCFA39411CA2CEA /* Project object */ = {
			isa = PBXProject;
			attributes = {
				LastUpgradeCheck = 920;
				TargetAttributes = {
					1D6058900D05DD3D006BFB54 = {
						DevelopmentTeam = 2L5ZZGL2B8;
						ProvisioningStyle = Automatic;
					};
				};
			};
			buildConfigurationList = C01FCF4E08A954540054247B /* Build configuration list for PBXProject "Exterion News" */;
			compatibilityVersion = "Xcode 3.2";
			developmentRegion = English;
			hasScannedForEncodings = 1;
			knownRegions = (
				en,
			);
			mainGroup = 29B97314FDCFA39411CA2CEA /* CustomTemplate */;
			projectDirPath = "";
			projectReferences = (
				{
					ProductGroup = 301BF52E109A57CC0062928A /* Products */;
					ProjectRef = 301BF52D109A57CC0062928A /* CordovaLib/CordovaLib.xcodeproj */;
				},
			);
			projectRoot = "";
			targets = (
				1D6058900D05DD3D006BFB54 /* Exterion News */,
			);
		};
/* End PBXProject section */

/* Begin PBXReferenceProxy section */
		301BF535109A57CC0062928A /* libCordova.a */ = {
			isa = PBXReferenceProxy;
			fileType = archive.ar;
			path = libCordova.a;
			remoteRef = 301BF534109A57CC0062928A /* PBXContainerItemProxy */;
			sourceTree = BUILT_PRODUCTS_DIR;
		};
		EDEC41191FA0CB330069ED0A /* Cordova.framework */ = {
			isa = PBXReferenceProxy;
			fileType = wrapper.framework;
			path = Cordova.framework;
			remoteRef = EDEC41181FA0CB330069ED0A /* PBXContainerItemProxy */;
			sourceTree = BUILT_PRODUCTS_DIR;
		};
/* End PBXReferenceProxy section */

/* Begin PBXResourcesBuildPhase section */
		1D60588D0D05DD3D006BFB54 /* Resources */ = {
			isa = PBXResourcesBuildPhase;
			buildActionMask = 2147483647;
			files = (
				302D95F214D2391D003F00A1 /* MainViewController.xib in Resources */,
				0207DA581B56EA530066E2B4 /* Images.xcassets in Resources */,
				6AFF5BF91D6E424B00AB3073 /* CDVLaunchScreen.storyboard in Resources */,
				4EBDC2C10A6F45D78E81873F /* CDVNotification.bundle in Resources */,
			);
			runOnlyForDeploymentPostprocessing = 0;
		};
/* End PBXResourcesBuildPhase section */

/* Begin PBXShellScriptBuildPhase section */
		304B58A110DAC018002A0835 /* Copy www directory */ = {
			isa = PBXShellScriptBuildPhase;
			buildActionMask = 2147483647;
			files = (
			);
			inputPaths = (
			);
			name = "Copy www directory";
			outputPaths = (
			);
			runOnlyForDeploymentPostprocessing = 0;
			shellPath = /bin/sh;
			shellScript = "NODEJS_PATH=/usr/local/bin; NVM_NODE_PATH=~/.nvm/versions/node/`nvm version 2>/dev/null`/bin; N_NODE_PATH=`find /usr/local/n/versions/node/* -maxdepth 0 -type d 2>/dev/null | tail -1`/bin; XCODE_NODE_PATH=`xcode-select --print-path`/usr/share/xcs/Node/bin; PATH=$NODEJS_PATH:$NVM_NODE_PATH:$N_NODE_PATH:$XCODE_NODE_PATH:$PATH && node cordova/lib/copy-www-build-step.js";
			showEnvVarsInLog = 0;
		};
/* End PBXShellScriptBuildPhase section */

/* Begin PBXSourcesBuildPhase section */
		1D60588E0D05DD3D006BFB54 /* Sources */ = {
			isa = PBXSourcesBuildPhase;
			buildActionMask = 2147483647;
			files = (
				1D60589B0D05DD56006BFB54 /* main.m in Sources */,
				1D3623260D0F684500981E51 /* AppDelegate.m in Sources */,
				302D95F114D2391D003F00A1 /* MainViewController.m in Sources */,
				8D1905512E5140CCA8235AD8 /* CDVNotification.m in Sources */,
				85F8DC7AAE8E4E4B80F54CA0 /* CDVFile.m in Sources */,
				E6FA4C36E28E49759AAF8277 /* CDVLocalFilesystem.m in Sources */,
				7295FBCF811F40288F82A1C0 /* CDVAssetLibraryFilesystem.m in Sources */,
				CD522F0A3DA948649BE4A504 /* CordovaHttpPlugin.m in Sources */,
				E4FD7653AABD4364B276AFFF /* TextResponseSerializer.m in Sources */,
				D94A1F8496EC476BBD79CDD4 /* AFHTTPSessionManager.m in Sources */,
				9C0585CA20354C8C856D8BBD /* AFNetworkReachabilityManager.m in Sources */,
				818C78B569E04A6483A0772C /* AFSecurityPolicy.m in Sources */,
				2BB62F2A57064FEBBEB99C51 /* AFURLRequestSerialization.m in Sources */,
				12D4EF0168284868B10AD0D8 /* AFURLResponseSerialization.m in Sources */,
				06FAC4A34344472BBC2BB3F1 /* AFURLSessionManager.m in Sources */,
				2F36B5CE5A674C7FA3F1FDA5 /* CDVDevice.m in Sources */,
				C3E2702094E54BA4B766A330 /* NativeStorage.m in Sources */,
				7B84462197D8455BB312EB2C /* NexenSDK.m in Sources */,
				D447E269DEE148CBADEEA053 /* BeaconManager.m in Sources */,
				95792D3775724FCF869774AE /* NSBundle+plist.m in Sources */,
				1B5C967C8B964F0E9185751C /* AppDelegate+NexenSDK.m in Sources */,
			);
			runOnlyForDeploymentPostprocessing = 0;
		};
/* End PBXSourcesBuildPhase section */

/* Begin PBXTargetDependency section */
		301BF551109A68C00062928A /* PBXTargetDependency */ = {
			isa = PBXTargetDependency;
			name = CordovaLib;
			targetProxy = 301BF550109A68C00062928A /* PBXContainerItemProxy */;
		};
/* End PBXTargetDependency section */

/* Begin XCBuildConfiguration section */
		1D6058940D05DD3E006BFB54 /* Debug */ = {
			isa = XCBuildConfiguration;
			baseConfigurationReference = 3047A50F1AB8059700498E2A /* build-debug.xcconfig */;
			buildSettings = {
				ALWAYS_SEARCH_USER_PATHS = NO;
				ASSETCATALOG_COMPILER_APPICON_NAME = AppIcon;
				ASSETCATALOG_COMPILER_LAUNCHIMAGE_NAME = LaunchImage;
				CLANG_ENABLE_MODULES = YES;
				CLANG_ENABLE_OBJC_ARC = YES;
				"CODE_SIGN_IDENTITY[sdk=iphoneos*]" = "iPhone Developer";
				CODE_SIGN_STYLE = Automatic;
				COPY_PHASE_STRIP = NO;
				DEVELOPMENT_TEAM = 2L5ZZGL2B8;
				FRAMEWORK_SEARCH_PATHS = (
					"$(inherited)",
					"\"Exterion News/Plugins/cordova-plugin-nexen-sdk\"",
					"\"Exterion News/Plugins/cordova-plugin-nexen-sdk\"",
				);
				GCC_DYNAMIC_NO_PIC = NO;
				GCC_OPTIMIZATION_LEVEL = 0;
				GCC_PRECOMPILE_PREFIX_HEADER = YES;
				GCC_PREFIX_HEADER = "Exterion News/Exterion News-Prefix.pch";
				GCC_THUMB_SUPPORT = NO;
				GCC_VERSION = "";
				INFOPLIST_FILE = "Exterion News/Exterion News-Info.plist";
				IPHONEOS_DEPLOYMENT_TARGET = 9.0;
				LD_RUNPATH_SEARCH_PATHS = "@executable_path/Frameworks";
				PRODUCT_BUNDLE_IDENTIFIER = "com.exterion.exterionnews-aveen1";
				PRODUCT_NAME = "Exterion News";
				PROVISIONING_PROFILE = "";
				PROVISIONING_PROFILE_SPECIFIER = "";
				TARGETED_DEVICE_FAMILY = "1,2";
			};
			name = Debug;
		};
		1D6058950D05DD3E006BFB54 /* Release */ = {
			isa = XCBuildConfiguration;
			baseConfigurationReference = 3047A5101AB8059700498E2A /* build-release.xcconfig */;
			buildSettings = {
				ALWAYS_SEARCH_USER_PATHS = NO;
				ASSETCATALOG_COMPILER_APPICON_NAME = AppIcon;
				ASSETCATALOG_COMPILER_LAUNCHIMAGE_NAME = LaunchImage;
				CLANG_ENABLE_MODULES = YES;
				CLANG_ENABLE_OBJC_ARC = YES;
				"CODE_SIGN_IDENTITY[sdk=iphoneos*]" = "iPhone Developer";
				CODE_SIGN_STYLE = Automatic;
				COPY_PHASE_STRIP = YES;
				DEVELOPMENT_TEAM = 2L5ZZGL2B8;
				FRAMEWORK_SEARCH_PATHS = (
					"$(inherited)",
					"\"Exterion News/Plugins/cordova-plugin-nexen-sdk\"",
					"\"Exterion News/Plugins/cordova-plugin-nexen-sdk\"",
				);
				GCC_PRECOMPILE_PREFIX_HEADER = YES;
				GCC_PREFIX_HEADER = "Exterion News/Exterion News-Prefix.pch";
				GCC_THUMB_SUPPORT = NO;
				GCC_VERSION = "";
				INFOPLIST_FILE = "Exterion News/Exterion News-Info.plist";
				IPHONEOS_DEPLOYMENT_TARGET = 9.0;
				LD_RUNPATH_SEARCH_PATHS = "@executable_path/Frameworks";
				PRODUCT_BUNDLE_IDENTIFIER = "com.exterion.exterionnews-aveen1";
				PRODUCT_NAME = "Exterion News";
				PROVISIONING_PROFILE = "";
				PROVISIONING_PROFILE_SPECIFIER = "";
				TARGETED_DEVICE_FAMILY = "1,2";
			};
			name = Release;
		};
		C01FCF4F08A954540054247B /* Debug */ = {
			isa = XCBuildConfiguration;
			baseConfigurationReference = 3047A5111AB8059700498E2A /* build.xcconfig */;
			buildSettings = {
				CLANG_ENABLE_MODULES = YES;
				CLANG_ENABLE_OBJC_ARC = YES;
				CLANG_WARN_BLOCK_CAPTURE_AUTORELEASING = YES;
				CLANG_WARN_BOOL_CONVERSION = YES;
				CLANG_WARN_COMMA = YES;
				CLANG_WARN_CONSTANT_CONVERSION = YES;
				CLANG_WARN_EMPTY_BODY = YES;
				CLANG_WARN_ENUM_CONVERSION = YES;
				CLANG_WARN_INFINITE_RECURSION = YES;
				CLANG_WARN_INT_CONVERSION = YES;
				CLANG_WARN_NON_LITERAL_NULL_CONVERSION = YES;
				CLANG_WARN_OBJC_LITERAL_CONVERSION = YES;
				CLANG_WARN_RANGE_LOOP_ANALYSIS = YES;
				CLANG_WARN_STRICT_PROTOTYPES = YES;
				CLANG_WARN_SUSPICIOUS_MOVE = YES;
				CLANG_WARN_UNREACHABLE_CODE = YES;
				CLANG_WARN__DUPLICATE_METHOD_MATCH = YES;
				ENABLE_STRICT_OBJC_MSGSEND = YES;
				ENABLE_TESTABILITY = YES;
				GCC_C_LANGUAGE_STANDARD = c99;
				GCC_NO_COMMON_BLOCKS = YES;
				GCC_THUMB_SUPPORT = NO;
				GCC_VERSION = "";
				GCC_WARN_64_TO_32_BIT_CONVERSION = YES;
				GCC_WARN_ABOUT_RETURN_TYPE = YES;
				GCC_WARN_UNDECLARED_SELECTOR = YES;
				GCC_WARN_UNINITIALIZED_AUTOS = YES;
				GCC_WARN_UNUSED_FUNCTION = YES;
				GCC_WARN_UNUSED_VARIABLE = YES;
				ONLY_ACTIVE_ARCH = YES;
				SDKROOT = iphoneos;
				SKIP_INSTALL = NO;
			};
			name = Debug;
		};
		C01FCF5008A954540054247B /* Release */ = {
			isa = XCBuildConfiguration;
			baseConfigurationReference = 3047A5111AB8059700498E2A /* build.xcconfig */;
			buildSettings = {
				CLANG_ENABLE_MODULES = YES;
				CLANG_ENABLE_OBJC_ARC = YES;
				CLANG_WARN_BLOCK_CAPTURE_AUTORELEASING = YES;
				CLANG_WARN_BOOL_CONVERSION = YES;
				CLANG_WARN_COMMA = YES;
				CLANG_WARN_CONSTANT_CONVERSION = YES;
				CLANG_WARN_EMPTY_BODY = YES;
				CLANG_WARN_ENUM_CONVERSION = YES;
				CLANG_WARN_INFINITE_RECURSION = YES;
				CLANG_WARN_INT_CONVERSION = YES;
				CLANG_WARN_NON_LITERAL_NULL_CONVERSION = YES;
				CLANG_WARN_OBJC_LITERAL_CONVERSION = YES;
				CLANG_WARN_RANGE_LOOP_ANALYSIS = YES;
				CLANG_WARN_STRICT_PROTOTYPES = YES;
				CLANG_WARN_SUSPICIOUS_MOVE = YES;
				CLANG_WARN_UNREACHABLE_CODE = YES;
				CLANG_WARN__DUPLICATE_METHOD_MATCH = YES;
				ENABLE_STRICT_OBJC_MSGSEND = YES;
				GCC_C_LANGUAGE_STANDARD = c99;
				GCC_NO_COMMON_BLOCKS = YES;
				GCC_THUMB_SUPPORT = NO;
				GCC_VERSION = "";
				GCC_WARN_64_TO_32_BIT_CONVERSION = YES;
				GCC_WARN_ABOUT_RETURN_TYPE = YES;
				GCC_WARN_UNDECLARED_SELECTOR = YES;
				GCC_WARN_UNINITIALIZED_AUTOS = YES;
				GCC_WARN_UNUSED_FUNCTION = YES;
				GCC_WARN_UNUSED_VARIABLE = YES;
				SDKROOT = iphoneos;
				SKIP_INSTALL = NO;
			};
			name = Release;
		};
/* End XCBuildConfiguration section */

/* Begin XCConfigurationList section */
		1D6058960D05DD3E006BFB54 /* Build configuration list for PBXNativeTarget "Exterion News" */ = {
			isa = XCConfigurationList;
			buildConfigurations = (
				1D6058940D05DD3E006BFB54 /* Debug */,
				1D6058950D05DD3E006BFB54 /* Release */,
			);
			defaultConfigurationIsVisible = 0;
			defaultConfigurationName = Release;
		};
		C01FCF4E08A954540054247B /* Build configuration list for PBXProject "Exterion News" */ = {
			isa = XCConfigurationList;
			buildConfigurations = (
				C01FCF4F08A954540054247B /* Debug */,
				C01FCF5008A954540054247B /* Release */,
			);
			defaultConfigurationIsVisible = 0;
			defaultConfigurationName = Release;
		};
/* End XCConfigurationList section */
	};
	rootObject = 29B97313FDCFA39411CA2CEA /* Project object */;
}
